// !$*UTF8*$!
{
	archiveVersion = 1;
	classes = {
	};
	objectVersion = 56;
	objects = {

/* Begin PBXBuildFile section */
		8BCD68BA28FDB599006D1BFC /* AppDelegate.swift in Sources */ = {isa = PBXBuildFile; fileRef = 8BCD68B928FDB599006D1BFC /* AppDelegate.swift */; };
		8BCD68BC28FDB599006D1BFC /* SceneDelegate.swift in Sources */ = {isa = PBXBuildFile; fileRef = 8BCD68BB28FDB599006D1BFC /* SceneDelegate.swift */; };
		8BCD68C328FDB59A006D1BFC /* Assets.xcassets in Resources */ = {isa = PBXBuildFile; fileRef = 8BCD68C228FDB59A006D1BFC /* Assets.xcassets */; };
		FB30E1A6DE3B8864F36D8EF8 /* UIColor.swift in Sources */ = {isa = PBXBuildFile; fileRef = FB30E9F350604B462EE76A5C /* UIColor.swift */; };
		FB30E2E4D4F424291C578BED /* ImagesListViewController.swift in Sources */ = {isa = PBXBuildFile; fileRef = FB30E871A42D905E51A81831 /* ImagesListViewController.swift */; };
		FB30E390E33CA6BE946810F5 /* Main.storyboard in Resources */ = {isa = PBXBuildFile; fileRef = FB30EA2592EF634A55DD4AE2 /* Main.storyboard */; };
		FB30E3C696441957FF59A9C8 /* SplashViewController.swift in Sources */ = {isa = PBXBuildFile; fileRef = FB30E599E531E75F163F1D1B /* SplashViewController.swift */; };
		FB30E41DAA33343B3EEF7B32 /* WebViewViewControllerDelegate.swift in Sources */ = {isa = PBXBuildFile; fileRef = FB30EADC69BF744A30439A1F /* WebViewViewControllerDelegate.swift */; };
		FB30E4897ADF33AF95DF94A5 /* WebViewViewController.swift in Sources */ = {isa = PBXBuildFile; fileRef = FB30E0A312DF9E467136388D /* WebViewViewController.swift */; };
		FB30E4FE9A53AFD50CB6ABD2 /* Constant.swift in Sources */ = {isa = PBXBuildFile; fileRef = FB30E29CD5466C25C9E64619 /* Constant.swift */; };
		FB30E638483C0E53AAD0F514 /* UIView.swift in Sources */ = {isa = PBXBuildFile; fileRef = FB30E86820866119BA2AEA47 /* UIView.swift */; };
		FB30E6EDFD90B12423D4751D /* NetworkService.swift in Sources */ = {isa = PBXBuildFile; fileRef = FB30E86F1902CE5F99973AE1 /* NetworkService.swift */; };
		FB30E81510F258E754D78F50 /* ProfileViewController.swift in Sources */ = {isa = PBXBuildFile; fileRef = FB30EA823E4130B726CA4AE0 /* ProfileViewController.swift */; };
		FB30E92B0BFE64D1990D6846 /* OAuthTokenResponseBody.swift in Sources */ = {isa = PBXBuildFile; fileRef = FB30EE2D7E3044192AC006A6 /* OAuthTokenResponseBody.swift */; };
		FB30E949243B79970472C55B /* LaunchScreen.storyboard in Resources */ = {isa = PBXBuildFile; fileRef = FB30E64944ED3490BCD4BFA0 /* LaunchScreen.storyboard */; };
		FB30E9BDD2CA210FEFEC679E /* OAuth2TokenStorageUserDefault.swift in Sources */ = {isa = PBXBuildFile; fileRef = FB30EB6B7A3394650EBE299F /* OAuth2TokenStorageUserDefault.swift */; };
		FB30EBB2EE4E9C6BF729A3B0 /* GetProfile.swift in Sources */ = {isa = PBXBuildFile; fileRef = FB30EF6652C7357FAEE92D3E /* GetProfile.swift */; };
		FB30EC866FD14AF79626B0A7 /* SingleImageViewController.swift in Sources */ = {isa = PBXBuildFile; fileRef = FB30E372D54D03BC8C74EFD7 /* SingleImageViewController.swift */; };
		FB30ECA48853341513752C4E /* ImagesListCell.swift in Sources */ = {isa = PBXBuildFile; fileRef = FB30E30AE730560D49931B8B /* ImagesListCell.swift */; };
		FB30ECC6203C570472BFB5B2 /* OAuth2Service.swift in Sources */ = {isa = PBXBuildFile; fileRef = FB30E7AB6927B011E231E09B /* OAuth2Service.swift */; };
		FB30ECD2D0B1B918A6F9EF76 /* OAuth2Token.swift in Sources */ = {isa = PBXBuildFile; fileRef = FB30ECED0743F8FD7D275920 /* OAuth2Token.swift */; };
		FB30ED2D8D593B61C496BD73 /* AuthViewControllerDelegate.swift in Sources */ = {isa = PBXBuildFile; fileRef = FB30E487133F03C58916152F /* AuthViewControllerDelegate.swift */; };
		FB30EDB0A0B9B5623C8D943E /* OAuth2TokenStorageKeychain.swift in Sources */ = {isa = PBXBuildFile; fileRef = FB30E5F29C6E581127149DF5 /* OAuth2TokenStorageKeychain.swift */; };
		FB30EDCF3E42B8DFAB76D44C /* ProfileImageModel.swift in Sources */ = {isa = PBXBuildFile; fileRef = FB30EB5A72F822A9A2E215D5 /* ProfileImageModel.swift */; };
		FB30EE1824AFDBB840A9FF37 /* ProfileModel.swift in Sources */ = {isa = PBXBuildFile; fileRef = FB30EF0F26F9CA23B46B54E5 /* ProfileModel.swift */; };
		FB30EE2574FAF1D254E409C6 /* AuthViewController.swift in Sources */ = {isa = PBXBuildFile; fileRef = FB30EA2EF40AC15F726CBD5D /* AuthViewController.swift */; };
/* End PBXBuildFile section */

/* Begin PBXFileReference section */
		8BCD68B628FDB599006D1BFC /* UnsplashPracticum.app */ = {isa = PBXFileReference; explicitFileType = wrapper.application; includeInIndex = 0; path = UnsplashPracticum.app; sourceTree = BUILT_PRODUCTS_DIR; };
		8BCD68B928FDB599006D1BFC /* AppDelegate.swift */ = {isa = PBXFileReference; lastKnownFileType = sourcecode.swift; path = AppDelegate.swift; sourceTree = "<group>"; };
		8BCD68BB28FDB599006D1BFC /* SceneDelegate.swift */ = {isa = PBXFileReference; lastKnownFileType = sourcecode.swift; path = SceneDelegate.swift; sourceTree = "<group>"; };
		8BCD68C228FDB59A006D1BFC /* Assets.xcassets */ = {isa = PBXFileReference; lastKnownFileType = folder.assetcatalog; path = Assets.xcassets; sourceTree = "<group>"; };
		8BCD68C728FDB59A006D1BFC /* Info.plist */ = {isa = PBXFileReference; lastKnownFileType = text.plist.xml; path = Info.plist; sourceTree = "<group>"; };
		FB30E0A312DF9E467136388D /* WebViewViewController.swift */ = {isa = PBXFileReference; fileEncoding = 4; lastKnownFileType = sourcecode.swift; path = WebViewViewController.swift; sourceTree = "<group>"; };
		FB30E29CD5466C25C9E64619 /* Constant.swift */ = {isa = PBXFileReference; fileEncoding = 4; lastKnownFileType = sourcecode.swift; path = Constant.swift; sourceTree = "<group>"; };
		FB30E30AE730560D49931B8B /* ImagesListCell.swift */ = {isa = PBXFileReference; fileEncoding = 4; lastKnownFileType = sourcecode.swift; path = ImagesListCell.swift; sourceTree = "<group>"; };
		FB30E372D54D03BC8C74EFD7 /* SingleImageViewController.swift */ = {isa = PBXFileReference; fileEncoding = 4; lastKnownFileType = sourcecode.swift; path = SingleImageViewController.swift; sourceTree = "<group>"; };
		FB30E487133F03C58916152F /* AuthViewControllerDelegate.swift */ = {isa = PBXFileReference; fileEncoding = 4; lastKnownFileType = sourcecode.swift; path = AuthViewControllerDelegate.swift; sourceTree = "<group>"; };
		FB30E599E531E75F163F1D1B /* SplashViewController.swift */ = {isa = PBXFileReference; fileEncoding = 4; lastKnownFileType = sourcecode.swift; path = SplashViewController.swift; sourceTree = "<group>"; };
		FB30E5F29C6E581127149DF5 /* OAuth2TokenStorageKeychain.swift */ = {isa = PBXFileReference; fileEncoding = 4; lastKnownFileType = sourcecode.swift; path = OAuth2TokenStorageKeychain.swift; sourceTree = "<group>"; };
		FB30E64944ED3490BCD4BFA0 /* LaunchScreen.storyboard */ = {isa = PBXFileReference; lastKnownFileType = file.storyboard; path = LaunchScreen.storyboard; sourceTree = "<group>"; };
		FB30E7AB6927B011E231E09B /* OAuth2Service.swift */ = {isa = PBXFileReference; fileEncoding = 4; lastKnownFileType = sourcecode.swift; path = OAuth2Service.swift; sourceTree = "<group>"; };
		FB30E86820866119BA2AEA47 /* UIView.swift */ = {isa = PBXFileReference; fileEncoding = 4; lastKnownFileType = sourcecode.swift; path = UIView.swift; sourceTree = "<group>"; };
		FB30E86F1902CE5F99973AE1 /* NetworkService.swift */ = {isa = PBXFileReference; fileEncoding = 4; lastKnownFileType = sourcecode.swift; path = NetworkService.swift; sourceTree = "<group>"; };
		FB30E871A42D905E51A81831 /* ImagesListViewController.swift */ = {isa = PBXFileReference; fileEncoding = 4; lastKnownFileType = sourcecode.swift; path = ImagesListViewController.swift; sourceTree = "<group>"; };
		FB30E9F350604B462EE76A5C /* UIColor.swift */ = {isa = PBXFileReference; fileEncoding = 4; lastKnownFileType = sourcecode.swift; path = UIColor.swift; sourceTree = "<group>"; };
		FB30EA2592EF634A55DD4AE2 /* Main.storyboard */ = {isa = PBXFileReference; lastKnownFileType = file.storyboard; path = Main.storyboard; sourceTree = "<group>"; };
		FB30EA2EF40AC15F726CBD5D /* AuthViewController.swift */ = {isa = PBXFileReference; fileEncoding = 4; lastKnownFileType = sourcecode.swift; path = AuthViewController.swift; sourceTree = "<group>"; };
		FB30EA823E4130B726CA4AE0 /* ProfileViewController.swift */ = {isa = PBXFileReference; fileEncoding = 4; lastKnownFileType = sourcecode.swift; path = ProfileViewController.swift; sourceTree = "<group>"; };
		FB30EADC69BF744A30439A1F /* WebViewViewControllerDelegate.swift */ = {isa = PBXFileReference; fileEncoding = 4; lastKnownFileType = sourcecode.swift; path = WebViewViewControllerDelegate.swift; sourceTree = "<group>"; };
		FB30EB5A72F822A9A2E215D5 /* ProfileImageModel.swift */ = {isa = PBXFileReference; fileEncoding = 4; lastKnownFileType = sourcecode.swift; path = ProfileImageModel.swift; sourceTree = "<group>"; };
		FB30EB6B7A3394650EBE299F /* OAuth2TokenStorageUserDefault.swift */ = {isa = PBXFileReference; fileEncoding = 4; lastKnownFileType = sourcecode.swift; path = OAuth2TokenStorageUserDefault.swift; sourceTree = "<group>"; };
		FB30ECED0743F8FD7D275920 /* OAuth2Token.swift */ = {isa = PBXFileReference; fileEncoding = 4; lastKnownFileType = sourcecode.swift; path = OAuth2Token.swift; sourceTree = "<group>"; };
		FB30EE2D7E3044192AC006A6 /* OAuthTokenResponseBody.swift */ = {isa = PBXFileReference; fileEncoding = 4; lastKnownFileType = sourcecode.swift; path = OAuthTokenResponseBody.swift; sourceTree = "<group>"; };
		FB30EF0F26F9CA23B46B54E5 /* ProfileModel.swift */ = {isa = PBXFileReference; fileEncoding = 4; lastKnownFileType = sourcecode.swift; path = ProfileModel.swift; sourceTree = "<group>"; };
		FB30EF6652C7357FAEE92D3E /* GetProfile.swift */ = {isa = PBXFileReference; fileEncoding = 4; lastKnownFileType = sourcecode.swift; path = GetProfile.swift; sourceTree = "<group>"; };
/* End PBXFileReference section */

/* Begin PBXFrameworksBuildPhase section */
		8BCD68B328FDB599006D1BFC /* Frameworks */ = {
			isa = PBXFrameworksBuildPhase;
			buildActionMask = 2147483647;
			files = (
			);
			runOnlyForDeploymentPostprocessing = 0;
		};
/* End PBXFrameworksBuildPhase section */

/* Begin PBXGroup section */
		8B8DE99F28FDB7C90017E31B /* Resources */ = {
			isa = PBXGroup;
			children = (
				8BCD68C228FDB59A006D1BFC /* Assets.xcassets */,
				8BCD68C728FDB59A006D1BFC /* Info.plist */,
				FB30E29CD5466C25C9E64619 /* Constant.swift */,
			);
			path = Resources;
			sourceTree = "<group>";
		};
		8BCD68AD28FDB599006D1BFC = {
			isa = PBXGroup;
			children = (
				8BCD68B828FDB599006D1BFC /* UnsplashPracticum */,
				8BCD68B728FDB599006D1BFC /* Products */,
			);
			sourceTree = "<group>";
		};
		8BCD68B728FDB599006D1BFC /* Products */ = {
			isa = PBXGroup;
			children = (
				8BCD68B628FDB599006D1BFC /* UnsplashPracticum.app */,
			);
			name = Products;
			sourceTree = "<group>";
		};
		8BCD68B828FDB599006D1BFC /* UnsplashPracticum */ = {
			isa = PBXGroup;
			children = (
				8B8DE99F28FDB7C90017E31B /* Resources */,
				8BCD68B928FDB599006D1BFC /* AppDelegate.swift */,
				8BCD68BB28FDB599006D1BFC /* SceneDelegate.swift */,
				FB30E7D2417B7937FE827491 /* Extensions */,
				FB30E4BDA57520987BBAF24E /* Scenes */,
				FB30E6A463A1FDD4AC0E13EB /* Services */,
			);
			path = UnsplashPracticum;
			sourceTree = "<group>";
		};
		FB30E1A2D504E006B4311E23 /* Models */ = {
			isa = PBXGroup;
			children = (
				FB30EE2D7E3044192AC006A6 /* OAuthTokenResponseBody.swift */,
			);
			path = Models;
			sourceTree = "<group>";
		};
		FB30E395E55F4A47866C235B /* Services */ = {
			isa = PBXGroup;
			children = (
				FB30E7AB6927B011E231E09B /* OAuth2Service.swift */,
				FB30EB2E47FCBE5F1ECABBEF /* TokenStorage */,
			);
			path = Services;
			sourceTree = "<group>";
		};
		FB30E4BDA57520987BBAF24E /* Scenes */ = {
			isa = PBXGroup;
			children = (
				FB30E929F83DDC023903942A /* SingleImageView */,
				FB30EB0BC7A1BDCBA194CA73 /* ImageList */,
				FB30EEFAAFF690ED46753DA6 /* Profile */,
				FB30E64944ED3490BCD4BFA0 /* LaunchScreen.storyboard */,
				FB30EA2592EF634A55DD4AE2 /* Main.storyboard */,
				FB30E9F4FB0E82BD73D1B5C7 /* Auth */,
				FB30E599E531E75F163F1D1B /* SplashViewController.swift */,
			);
			path = Scenes;
			sourceTree = "<group>";
		};
		FB30E6550C2505F7601E03C8 /* Requests */ = {
			isa = PBXGroup;
			children = (
				FB30EF6652C7357FAEE92D3E /* GetProfile.swift */,
			);
			path = Requests;
			sourceTree = "<group>";
		};
		FB30E6A463A1FDD4AC0E13EB /* Services */ = {
			isa = PBXGroup;
			children = (
				FB30E86F1902CE5F99973AE1 /* NetworkService.swift */,
			);
			path = Services;
			sourceTree = "<group>";
		};
		FB30E7D2417B7937FE827491 /* Extensions */ = {
			isa = PBXGroup;
			children = (
				FB30E9F350604B462EE76A5C /* UIColor.swift */,
				FB30E86820866119BA2AEA47 /* UIView.swift */,
			);
			path = Extensions;
			sourceTree = "<group>";
		};
		FB30E929F83DDC023903942A /* SingleImageView */ = {
			isa = PBXGroup;
			children = (
				FB30E372D54D03BC8C74EFD7 /* SingleImageViewController.swift */,
			);
			path = SingleImageView;
			sourceTree = "<group>";
		};
		FB30E9F4FB0E82BD73D1B5C7 /* Auth */ = {
			isa = PBXGroup;
			children = (
				FB30EA2EF40AC15F726CBD5D /* AuthViewController.swift */,
				FB30E0A312DF9E467136388D /* WebViewViewController.swift */,
				FB30EADC69BF744A30439A1F /* WebViewViewControllerDelegate.swift */,
				FB30E1A2D504E006B4311E23 /* Models */,
				FB30E395E55F4A47866C235B /* Services */,
				FB30E487133F03C58916152F /* AuthViewControllerDelegate.swift */,
			);
			path = Auth;
			sourceTree = "<group>";
		};
		FB30EB0BC7A1BDCBA194CA73 /* ImageList */ = {
			isa = PBXGroup;
			children = (
				FB30E30AE730560D49931B8B /* ImagesListCell.swift */,
				FB30E871A42D905E51A81831 /* ImagesListViewController.swift */,
			);
			path = ImageList;
			sourceTree = "<group>";
		};
		FB30EB2E47FCBE5F1ECABBEF /* TokenStorage */ = {
			isa = PBXGroup;
			children = (
				FB30EB6B7A3394650EBE299F /* OAuth2TokenStorageUserDefault.swift */,
				FB30ECED0743F8FD7D275920 /* OAuth2Token.swift */,
				FB30E5F29C6E581127149DF5 /* OAuth2TokenStorageKeychain.swift */,
			);
			path = TokenStorage;
			sourceTree = "<group>";
		};
		FB30ECF30FC7971A66CCE6B6 /* Models */ = {
			isa = PBXGroup;
			children = (
				FB30EB5A72F822A9A2E215D5 /* ProfileImageModel.swift */,
				FB30EF0F26F9CA23B46B54E5 /* ProfileModel.swift */,
			);
			path = Models;
			sourceTree = "<group>";
		};
		FB30EEFAAFF690ED46753DA6 /* Profile */ = {
			isa = PBXGroup;
			children = (
				FB30EA823E4130B726CA4AE0 /* ProfileViewController.swift */,
				FB30E6550C2505F7601E03C8 /* Requests */,
				FB30ECF30FC7971A66CCE6B6 /* Models */,
			);
			path = Profile;
			sourceTree = "<group>";
		};
/* End PBXGroup section */

/* Begin PBXNativeTarget section */
		8BCD68B528FDB599006D1BFC /* UnsplashPracticum */ = {
			isa = PBXNativeTarget;
			buildConfigurationList = 8BCD68CA28FDB59A006D1BFC /* Build configuration list for PBXNativeTarget "UnsplashPracticum" */;
			buildPhases = (
				8BCD68B228FDB599006D1BFC /* Sources */,
				8BCD68B328FDB599006D1BFC /* Frameworks */,
				8BCD68B428FDB599006D1BFC /* Resources */,
			);
			buildRules = (
			);
			dependencies = (
			);
			name = UnsplashPracticum;
			productName = UnsplashPracticum;
			productReference = 8BCD68B628FDB599006D1BFC /* UnsplashPracticum.app */;
			productType = "com.apple.product-type.application";
		};
/* End PBXNativeTarget section */

/* Begin PBXProject section */
		8BCD68AE28FDB599006D1BFC /* Project object */ = {
			isa = PBXProject;
			attributes = {
				BuildIndependentTargetsInParallel = 1;
				CLASSPREFIX = "";
				LastSwiftUpdateCheck = 1400;
				LastUpgradeCheck = 1400;
				ORGANIZATIONNAME = "ru.app-demo.unsplash";
				TargetAttributes = {
					8BCD68B528FDB599006D1BFC = {
						CreatedOnToolsVersion = 14.0.1;
					};
				};
			};
			buildConfigurationList = 8BCD68B128FDB599006D1BFC /* Build configuration list for PBXProject "UnsplashPracticum" */;
			compatibilityVersion = "Xcode 14.0";
			developmentRegion = en;
			hasScannedForEncodings = 0;
			knownRegions = (
				en,
				Base,
			);
			mainGroup = 8BCD68AD28FDB599006D1BFC;
			productRefGroup = 8BCD68B728FDB599006D1BFC /* Products */;
			projectDirPath = "";
			projectRoot = "";
			targets = (
				8BCD68B528FDB599006D1BFC /* UnsplashPracticum */,
			);
		};
/* End PBXProject section */

/* Begin PBXResourcesBuildPhase section */
		8BCD68B428FDB599006D1BFC /* Resources */ = {
			isa = PBXResourcesBuildPhase;
			buildActionMask = 2147483647;
			files = (
				8BCD68C328FDB59A006D1BFC /* Assets.xcassets in Resources */,
				FB30E949243B79970472C55B /* LaunchScreen.storyboard in Resources */,
				FB30E390E33CA6BE946810F5 /* Main.storyboard in Resources */,
			);
			runOnlyForDeploymentPostprocessing = 0;
		};
/* End PBXResourcesBuildPhase section */

/* Begin PBXSourcesBuildPhase section */
		8BCD68B228FDB599006D1BFC /* Sources */ = {
			isa = PBXSourcesBuildPhase;
			buildActionMask = 2147483647;
			files = (
				8BCD68BA28FDB599006D1BFC /* AppDelegate.swift in Sources */,
				8BCD68BC28FDB599006D1BFC /* SceneDelegate.swift in Sources */,
				FB30E1A6DE3B8864F36D8EF8 /* UIColor.swift in Sources */,
				FB30E638483C0E53AAD0F514 /* UIView.swift in Sources */,
				FB30EC866FD14AF79626B0A7 /* SingleImageViewController.swift in Sources */,
				FB30ECA48853341513752C4E /* ImagesListCell.swift in Sources */,
				FB30E2E4D4F424291C578BED /* ImagesListViewController.swift in Sources */,
				FB30E81510F258E754D78F50 /* ProfileViewController.swift in Sources */,
				FB30E4FE9A53AFD50CB6ABD2 /* Constant.swift in Sources */,
				FB30EE2574FAF1D254E409C6 /* AuthViewController.swift in Sources */,
				FB30E4897ADF33AF95DF94A5 /* WebViewViewController.swift in Sources */,
				FB30E41DAA33343B3EEF7B32 /* WebViewViewControllerDelegate.swift in Sources */,
				FB30E92B0BFE64D1990D6846 /* OAuthTokenResponseBody.swift in Sources */,
				FB30ECC6203C570472BFB5B2 /* OAuth2Service.swift in Sources */,
				FB30E6EDFD90B12423D4751D /* NetworkService.swift in Sources */,
				FB30E9BDD2CA210FEFEC679E /* OAuth2TokenStorageUserDefault.swift in Sources */,
				FB30ECD2D0B1B918A6F9EF76 /* OAuth2Token.swift in Sources */,
				FB30EDB0A0B9B5623C8D943E /* OAuth2TokenStorageKeychain.swift in Sources */,
				FB30E3C696441957FF59A9C8 /* SplashViewController.swift in Sources */,
				FB30EBB2EE4E9C6BF729A3B0 /* GetProfile.swift in Sources */,
				FB30EDCF3E42B8DFAB76D44C /* ProfileImageModel.swift in Sources */,
				FB30EE1824AFDBB840A9FF37 /* ProfileModel.swift in Sources */,
				FB30ED2D8D593B61C496BD73 /* AuthViewControllerDelegate.swift in Sources */,
			);
			runOnlyForDeploymentPostprocessing = 0;
		};
/* End PBXSourcesBuildPhase section */

/* Begin XCBuildConfiguration section */
		8BCD68C828FDB59A006D1BFC /* Debug */ = {
			isa = XCBuildConfiguration;
			buildSettings = {
				ALWAYS_SEARCH_USER_PATHS = NO;
				CLANG_ANALYZER_NONNULL = YES;
				CLANG_ANALYZER_NUMBER_OBJECT_CONVERSION = YES_AGGRESSIVE;
				CLANG_CXX_LANGUAGE_STANDARD = "gnu++20";
				CLANG_ENABLE_MODULES = YES;
				CLANG_ENABLE_OBJC_ARC = YES;
				CLANG_ENABLE_OBJC_WEAK = YES;
				CLANG_WARN_BLOCK_CAPTURE_AUTORELEASING = YES;
				CLANG_WARN_BOOL_CONVERSION = YES;
				CLANG_WARN_COMMA = YES;
				CLANG_WARN_CONSTANT_CONVERSION = YES;
				CLANG_WARN_DEPRECATED_OBJC_IMPLEMENTATIONS = YES;
				CLANG_WARN_DIRECT_OBJC_ISA_USAGE = YES_ERROR;
				CLANG_WARN_DOCUMENTATION_COMMENTS = YES;
				CLANG_WARN_EMPTY_BODY = YES;
				CLANG_WARN_ENUM_CONVERSION = YES;
				CLANG_WARN_INFINITE_RECURSION = YES;
				CLANG_WARN_INT_CONVERSION = YES;
				CLANG_WARN_NON_LITERAL_NULL_CONVERSION = YES;
				CLANG_WARN_OBJC_IMPLICIT_RETAIN_SELF = YES;
				CLANG_WARN_OBJC_LITERAL_CONVERSION = YES;
				CLANG_WARN_OBJC_ROOT_CLASS = YES_ERROR;
				CLANG_WARN_QUOTED_INCLUDE_IN_FRAMEWORK_HEADER = YES;
				CLANG_WARN_RANGE_LOOP_ANALYSIS = YES;
				CLANG_WARN_STRICT_PROTOTYPES = YES;
				CLANG_WARN_SUSPICIOUS_MOVE = YES;
				CLANG_WARN_UNGUARDED_AVAILABILITY = YES_AGGRESSIVE;
				CLANG_WARN_UNREACHABLE_CODE = YES;
				CLANG_WARN__DUPLICATE_METHOD_MATCH = YES;
				COPY_PHASE_STRIP = NO;
				DEBUG_INFORMATION_FORMAT = dwarf;
				ENABLE_STRICT_OBJC_MSGSEND = YES;
				ENABLE_TESTABILITY = YES;
				GCC_C_LANGUAGE_STANDARD = gnu11;
				GCC_DYNAMIC_NO_PIC = NO;
				GCC_NO_COMMON_BLOCKS = YES;
				GCC_OPTIMIZATION_LEVEL = 0;
				GCC_PREPROCESSOR_DEFINITIONS = (
					"DEBUG=1",
					"$(inherited)",
				);
				GCC_WARN_64_TO_32_BIT_CONVERSION = YES;
				GCC_WARN_ABOUT_RETURN_TYPE = YES_ERROR;
				GCC_WARN_UNDECLARED_SELECTOR = YES;
				GCC_WARN_UNINITIALIZED_AUTOS = YES_AGGRESSIVE;
				GCC_WARN_UNUSED_FUNCTION = YES;
				GCC_WARN_UNUSED_VARIABLE = YES;
				INFOPLIST_KEY_UISupportedInterfaceOrientations_iPhone = "\"Portrait (bottom home button)\"";
				IPHONEOS_DEPLOYMENT_TARGET = 13.0;
				MTL_ENABLE_DEBUG_INFO = INCLUDE_SOURCE;
				MTL_FAST_MATH = YES;
				ONLY_ACTIVE_ARCH = YES;
				SDKROOT = iphoneos;
				SWIFT_ACTIVE_COMPILATION_CONDITIONS = DEBUG;
				SWIFT_OPTIMIZATION_LEVEL = "-Onone";
			};
			name = Debug;
		};
		8BCD68C928FDB59A006D1BFC /* Release */ = {
			isa = XCBuildConfiguration;
			buildSettings = {
				ALWAYS_SEARCH_USER_PATHS = NO;
				CLANG_ANALYZER_NONNULL = YES;
				CLANG_ANALYZER_NUMBER_OBJECT_CONVERSION = YES_AGGRESSIVE;
				CLANG_CXX_LANGUAGE_STANDARD = "gnu++20";
				CLANG_ENABLE_MODULES = YES;
				CLANG_ENABLE_OBJC_ARC = YES;
				CLANG_ENABLE_OBJC_WEAK = YES;
				CLANG_WARN_BLOCK_CAPTURE_AUTORELEASING = YES;
				CLANG_WARN_BOOL_CONVERSION = YES;
				CLANG_WARN_COMMA = YES;
				CLANG_WARN_CONSTANT_CONVERSION = YES;
				CLANG_WARN_DEPRECATED_OBJC_IMPLEMENTATIONS = YES;
				CLANG_WARN_DIRECT_OBJC_ISA_USAGE = YES_ERROR;
				CLANG_WARN_DOCUMENTATION_COMMENTS = YES;
				CLANG_WARN_EMPTY_BODY = YES;
				CLANG_WARN_ENUM_CONVERSION = YES;
				CLANG_WARN_INFINITE_RECURSION = YES;
				CLANG_WARN_INT_CONVERSION = YES;
				CLANG_WARN_NON_LITERAL_NULL_CONVERSION = YES;
				CLANG_WARN_OBJC_IMPLICIT_RETAIN_SELF = YES;
				CLANG_WARN_OBJC_LITERAL_CONVERSION = YES;
				CLANG_WARN_OBJC_ROOT_CLASS = YES_ERROR;
				CLANG_WARN_QUOTED_INCLUDE_IN_FRAMEWORK_HEADER = YES;
				CLANG_WARN_RANGE_LOOP_ANALYSIS = YES;
				CLANG_WARN_STRICT_PROTOTYPES = YES;
				CLANG_WARN_SUSPICIOUS_MOVE = YES;
				CLANG_WARN_UNGUARDED_AVAILABILITY = YES_AGGRESSIVE;
				CLANG_WARN_UNREACHABLE_CODE = YES;
				CLANG_WARN__DUPLICATE_METHOD_MATCH = YES;
				COPY_PHASE_STRIP = NO;
				DEBUG_INFORMATION_FORMAT = "dwarf-with-dsym";
				ENABLE_NS_ASSERTIONS = NO;
				ENABLE_STRICT_OBJC_MSGSEND = YES;
				GCC_C_LANGUAGE_STANDARD = gnu11;
				GCC_NO_COMMON_BLOCKS = YES;
				GCC_WARN_64_TO_32_BIT_CONVERSION = YES;
				GCC_WARN_ABOUT_RETURN_TYPE = YES_ERROR;
				GCC_WARN_UNDECLARED_SELECTOR = YES;
				GCC_WARN_UNINITIALIZED_AUTOS = YES_AGGRESSIVE;
				GCC_WARN_UNUSED_FUNCTION = YES;
				GCC_WARN_UNUSED_VARIABLE = YES;
				INFOPLIST_KEY_UISupportedInterfaceOrientations_iPhone = "\"Portrait (bottom home button)\"";
				IPHONEOS_DEPLOYMENT_TARGET = 13.0;
				MTL_ENABLE_DEBUG_INFO = NO;
				MTL_FAST_MATH = YES;
				SDKROOT = iphoneos;
				SWIFT_COMPILATION_MODE = wholemodule;
				SWIFT_OPTIMIZATION_LEVEL = "-O";
				VALIDATE_PRODUCT = YES;
			};
			name = Release;
		};
		8BCD68CB28FDB59A006D1BFC /* Debug */ = {
			isa = XCBuildConfiguration;
			buildSettings = {
				ASSETCATALOG_COMPILER_APPICON_NAME = AppIcon;
				ASSETCATALOG_COMPILER_GLOBAL_ACCENT_COLOR_NAME = AccentColor;
				ASSETCATALOG_COMPILER_INCLUDE_ALL_APPICON_ASSETS = NO;
				CODE_SIGN_STYLE = Automatic;
				CURRENT_PROJECT_VERSION = 1;
				DEVELOPMENT_TEAM = QMTD3Q9RGC;
				GENERATE_INFOPLIST_FILE = YES;
				INFOPLIST_FILE = UnsplashPracticum/Resources/Info.plist;
				INFOPLIST_KEY_CFBundleDisplayName = "Practicum Unsplash";
				INFOPLIST_KEY_LSApplicationCategoryType = "public.app-category.lifestyle";
				INFOPLIST_KEY_UIApplicationSupportsIndirectInputEvents = YES;
				INFOPLIST_KEY_UILaunchStoryboardName = LaunchScreen;
				INFOPLIST_KEY_UIMainStoryboardFile = Main;
				INFOPLIST_KEY_UISupportedInterfaceOrientations = UIInterfaceOrientationPortrait;
				INFOPLIST_KEY_UISupportedInterfaceOrientations_iPad = "UIInterfaceOrientationLandscapeLeft UIInterfaceOrientationLandscapeRight UIInterfaceOrientationPortrait UIInterfaceOrientationPortraitUpsideDown";
				INFOPLIST_KEY_UISupportedInterfaceOrientations_iPhone = UIInterfaceOrientationPortrait;
				IPHONEOS_DEPLOYMENT_TARGET = 13.0;
				LD_RUNPATH_SEARCH_PATHS = (
					"$(inherited)",
					"@executable_path/Frameworks",
				);
				MARKETING_VERSION = 1.0;
				PRODUCT_BUNDLE_IDENTIFIER = "ru.app-demo.UnsplashPracticum";
				PRODUCT_NAME = "$(TARGET_NAME)";
				SUPPORTED_PLATFORMS = "iphoneos iphonesimulator";
				SUPPORTS_MACCATALYST = NO;
				SUPPORTS_MAC_DESIGNED_FOR_IPHONE_IPAD = NO;
				SWIFT_EMIT_LOC_STRINGS = YES;
				SWIFT_VERSION = 5.0;
				TARGETED_DEVICE_FAMILY = 1;
			};
			name = Debug;
		};
		8BCD68CC28FDB59A006D1BFC /* Release */ = {
			isa = XCBuildConfiguration;
			buildSettings = {
				ASSETCATALOG_COMPILER_APPICON_NAME = AppIcon;
				ASSETCATALOG_COMPILER_GLOBAL_ACCENT_COLOR_NAME = AccentColor;
				ASSETCATALOG_COMPILER_INCLUDE_ALL_APPICON_ASSETS = NO;
				CODE_SIGN_STYLE = Automatic;
				CURRENT_PROJECT_VERSION = 1;
				DEVELOPMENT_TEAM = QMTD3Q9RGC;
				GENERATE_INFOPLIST_FILE = YES;
				INFOPLIST_FILE = UnsplashPracticum/Resources/Info.plist;
				INFOPLIST_KEY_CFBundleDisplayName = "Practicum Unsplash";
				INFOPLIST_KEY_LSApplicationCategoryType = "public.app-category.lifestyle";
				INFOPLIST_KEY_UIApplicationSupportsIndirectInputEvents = YES;
				INFOPLIST_KEY_UILaunchStoryboardName = LaunchScreen;
				INFOPLIST_KEY_UIMainStoryboardFile = Main;
				INFOPLIST_KEY_UISupportedInterfaceOrientations = UIInterfaceOrientationPortrait;
				INFOPLIST_KEY_UISupportedInterfaceOrientations_iPad = "UIInterfaceOrientationLandscapeLeft UIInterfaceOrientationLandscapeRight UIInterfaceOrientationPortrait UIInterfaceOrientationPortraitUpsideDown";
				INFOPLIST_KEY_UISupportedInterfaceOrientations_iPhone = UIInterfaceOrientationPortrait;
				IPHONEOS_DEPLOYMENT_TARGET = 13.0;
				LD_RUNPATH_SEARCH_PATHS = (
					"$(inherited)",
					"@executable_path/Frameworks",
				);
				MARKETING_VERSION = 1.0;
				PRODUCT_BUNDLE_IDENTIFIER = "ru.app-demo.UnsplashPracticum";
				PRODUCT_NAME = "$(TARGET_NAME)";
				SUPPORTED_PLATFORMS = "iphoneos iphonesimulator";
				SUPPORTS_MACCATALYST = NO;
				SUPPORTS_MAC_DESIGNED_FOR_IPHONE_IPAD = NO;
				SWIFT_EMIT_LOC_STRINGS = YES;
				SWIFT_VERSION = 5.0;
				TARGETED_DEVICE_FAMILY = 1;
			};
			name = Release;
		};
/* End XCBuildConfiguration section */

/* Begin XCConfigurationList section */
		8BCD68B128FDB599006D1BFC /* Build configuration list for PBXProject "UnsplashPracticum" */ = {
			isa = XCConfigurationList;
			buildConfigurations = (
				8BCD68C828FDB59A006D1BFC /* Debug */,
				8BCD68C928FDB59A006D1BFC /* Release */,
			);
			defaultConfigurationIsVisible = 0;
			defaultConfigurationName = Release;
		};
		8BCD68CA28FDB59A006D1BFC /* Build configuration list for PBXNativeTarget "UnsplashPracticum" */ = {
			isa = XCConfigurationList;
			buildConfigurations = (
				8BCD68CB28FDB59A006D1BFC /* Debug */,
				8BCD68CC28FDB59A006D1BFC /* Release */,
			);
			defaultConfigurationIsVisible = 0;
			defaultConfigurationName = Release;
		};
/* End XCConfigurationList section */
	};
	rootObject = 8BCD68AE28FDB599006D1BFC /* Project object */;
}
